{
  "requires": true,
  "lockfileVersion": 1,
  "dependencies": {
    "@badrap/result": {
      "version": "0.2.8",
      "resolved": "https://registry.npmjs.org/@badrap/result/-/result-0.2.8.tgz",
      "integrity": "sha512-zC6LgWe8QWSTwxfQVoRyieFaTbCJ2WYvpJdZ0fONoUJT1ln/oWNb3zBPlPP5J9ehLAaFIZJ7aB8oISzYFs6grQ=="
    }
  }
}
